
Microsoft Visual Studio Solution File, Format Version 12.00
# Visual Studio Version 17
VisualStudioVersion = 17.4.33213.308
MinimumVisualStudioVersion = 10.0.40219.1
Project("{FAE04EC0-301F-11D3-BF4B-00C04F79EFBC}") = "ConsoleApp36", "ConsoleApp36\ConsoleApp36.csproj", "{E9DB6403-751F-4956-B38B-8CFB07ABF7F4}"
EndProject
Global
	GlobalSection(SolutionConfigurationPlatforms) = preSolution
		Debug|Any CPU = Debug|Any CPU
		Release|Any CPU = Release|Any CPU
	EndGlobalSection
	GlobalSection(ProjectConfigurationPlatforms) = postSolution
		{E9DB6403-751F-4956-B38B-8CFB07ABF7F4}.Debug|Any CPU.ActiveCfg = Debug|Any CPU
		{E9DB6403-751F-4956-B38B-8CFB07ABF7F4}.Debug|Any CPU.Build.0 = Debug|Any CPU
		{E9DB6403-751F-4956-B38B-8CFB07ABF7F4}.Release|Any CPU.ActiveCfg = Release|Any CPU
		{E9DB6403-751F-4956-B38B-8CFB07ABF7F4}.Release|Any CPU.Build.0 = Release|Any CPU
	EndGlobalSection
	GlobalSection(SolutionProperties) = preSolution
		HideSolutionNode = FALSE
	EndGlobalSection
	GlobalSection(ExtensibilityGlobals) = postSolution
		SolutionGuid = {9DA00B35-FA82-4B70-8704-CA59543409A8}
	EndGlobalSection
EndGlobal
