
Microsoft Visual Studio Solution File, Format Version 12.00
# Visual Studio Version 17
VisualStudioVersion = 17.4.33213.308
MinimumVisualStudioVersion = 10.0.40219.1
Project("{FAE04EC0-301F-11D3-BF4B-00C04F79EFBC}") = "ConsoleApp34", "ConsoleApp34\ConsoleApp34.csproj", "{DB5D2806-A832-4ED8-92D2-33F26123E627}"
EndProject
Global
	GlobalSection(SolutionConfigurationPlatforms) = preSolution
		Debug|Any CPU = Debug|Any CPU
		Release|Any CPU = Release|Any CPU
	EndGlobalSection
	GlobalSection(ProjectConfigurationPlatforms) = postSolution
		{DB5D2806-A832-4ED8-92D2-33F26123E627}.Debug|Any CPU.ActiveCfg = Debug|Any CPU
		{DB5D2806-A832-4ED8-92D2-33F26123E627}.Debug|Any CPU.Build.0 = Debug|Any CPU
		{DB5D2806-A832-4ED8-92D2-33F26123E627}.Release|Any CPU.ActiveCfg = Release|Any CPU
		{DB5D2806-A832-4ED8-92D2-33F26123E627}.Release|Any CPU.Build.0 = Release|Any CPU
	EndGlobalSection
	GlobalSection(SolutionProperties) = preSolution
		HideSolutionNode = FALSE
	EndGlobalSection
	GlobalSection(ExtensibilityGlobals) = postSolution
		SolutionGuid = {2E0E4A50-B772-49FA-AF93-9B0A270E85C7}
	EndGlobalSection
EndGlobal
