
Microsoft Visual Studio Solution File, Format Version 12.00
# Visual Studio Version 17
VisualStudioVersion = 17.4.33213.308
MinimumVisualStudioVersion = 10.0.40219.1
Project("{FAE04EC0-301F-11D3-BF4B-00C04F79EFBC}") = "ConsoleApp18", "ConsoleApp18\ConsoleApp18.csproj", "{611297F4-079A-478D-B2A8-801D57BAF9EF}"
EndProject
Global
	GlobalSection(SolutionConfigurationPlatforms) = preSolution
		Debug|Any CPU = Debug|Any CPU
		Release|Any CPU = Release|Any CPU
	EndGlobalSection
	GlobalSection(ProjectConfigurationPlatforms) = postSolution
		{611297F4-079A-478D-B2A8-801D57BAF9EF}.Debug|Any CPU.ActiveCfg = Debug|Any CPU
		{611297F4-079A-478D-B2A8-801D57BAF9EF}.Debug|Any CPU.Build.0 = Debug|Any CPU
		{611297F4-079A-478D-B2A8-801D57BAF9EF}.Release|Any CPU.ActiveCfg = Release|Any CPU
		{611297F4-079A-478D-B2A8-801D57BAF9EF}.Release|Any CPU.Build.0 = Release|Any CPU
	EndGlobalSection
	GlobalSection(SolutionProperties) = preSolution
		HideSolutionNode = FALSE
	EndGlobalSection
	GlobalSection(ExtensibilityGlobals) = postSolution
		SolutionGuid = {42869B3D-221D-49A3-B89D-45A3CAA50CB5}
	EndGlobalSection
EndGlobal
