
Microsoft Visual Studio Solution File, Format Version 12.00
# Visual Studio Version 17
VisualStudioVersion = 17.4.33213.308
MinimumVisualStudioVersion = 10.0.40219.1
Project("{FAE04EC0-301F-11D3-BF4B-00C04F79EFBC}") = "ConsoleApp16", "ConsoleApp16\ConsoleApp16.csproj", "{F4266390-1F51-48D9-AAFC-1440E5D04EF4}"
EndProject
Global
	GlobalSection(SolutionConfigurationPlatforms) = preSolution
		Debug|Any CPU = Debug|Any CPU
		Release|Any CPU = Release|Any CPU
	EndGlobalSection
	GlobalSection(ProjectConfigurationPlatforms) = postSolution
		{F4266390-1F51-48D9-AAFC-1440E5D04EF4}.Debug|Any CPU.ActiveCfg = Debug|Any CPU
		{F4266390-1F51-48D9-AAFC-1440E5D04EF4}.Debug|Any CPU.Build.0 = Debug|Any CPU
		{F4266390-1F51-48D9-AAFC-1440E5D04EF4}.Release|Any CPU.ActiveCfg = Release|Any CPU
		{F4266390-1F51-48D9-AAFC-1440E5D04EF4}.Release|Any CPU.Build.0 = Release|Any CPU
	EndGlobalSection
	GlobalSection(SolutionProperties) = preSolution
		HideSolutionNode = FALSE
	EndGlobalSection
	GlobalSection(ExtensibilityGlobals) = postSolution
		SolutionGuid = {7EFE3B66-BF9E-4EAC-8F21-A9EE3E9E88D6}
	EndGlobalSection
EndGlobal
