
Microsoft Visual Studio Solution File, Format Version 12.00
# Visual Studio Version 17
VisualStudioVersion = 17.4.33213.308
MinimumVisualStudioVersion = 10.0.40219.1
Project("{FAE04EC0-301F-11D3-BF4B-00C04F79EFBC}") = "aufgabe5_5", "aufgabe5_5\aufgabe5_5.csproj", "{2096B3C2-9A51-4E20-A951-9C7F6D491E10}"
EndProject
Global
	GlobalSection(SolutionConfigurationPlatforms) = preSolution
		Debug|Any CPU = Debug|Any CPU
		Release|Any CPU = Release|Any CPU
	EndGlobalSection
	GlobalSection(ProjectConfigurationPlatforms) = postSolution
		{2096B3C2-9A51-4E20-A951-9C7F6D491E10}.Debug|Any CPU.ActiveCfg = Debug|Any CPU
		{2096B3C2-9A51-4E20-A951-9C7F6D491E10}.Debug|Any CPU.Build.0 = Debug|Any CPU
		{2096B3C2-9A51-4E20-A951-9C7F6D491E10}.Release|Any CPU.ActiveCfg = Release|Any CPU
		{2096B3C2-9A51-4E20-A951-9C7F6D491E10}.Release|Any CPU.Build.0 = Release|Any CPU
	EndGlobalSection
	GlobalSection(SolutionProperties) = preSolution
		HideSolutionNode = FALSE
	EndGlobalSection
	GlobalSection(ExtensibilityGlobals) = postSolution
		SolutionGuid = {2F347582-3177-4029-8B7A-4A0BC8C445E7}
	EndGlobalSection
EndGlobal
