
Microsoft Visual Studio Solution File, Format Version 12.00
# Visual Studio Version 17
VisualStudioVersion = 17.4.33213.308
MinimumVisualStudioVersion = 10.0.40219.1
Project("{FAE04EC0-301F-11D3-BF4B-00C04F79EFBC}") = "ConsoleApp28", "ConsoleApp28\ConsoleApp28.csproj", "{B192FEEF-0953-438E-AF31-A7BFDFB12C42}"
EndProject
Global
	GlobalSection(SolutionConfigurationPlatforms) = preSolution
		Debug|Any CPU = Debug|Any CPU
		Release|Any CPU = Release|Any CPU
	EndGlobalSection
	GlobalSection(ProjectConfigurationPlatforms) = postSolution
		{B192FEEF-0953-438E-AF31-A7BFDFB12C42}.Debug|Any CPU.ActiveCfg = Debug|Any CPU
		{B192FEEF-0953-438E-AF31-A7BFDFB12C42}.Debug|Any CPU.Build.0 = Debug|Any CPU
		{B192FEEF-0953-438E-AF31-A7BFDFB12C42}.Release|Any CPU.ActiveCfg = Release|Any CPU
		{B192FEEF-0953-438E-AF31-A7BFDFB12C42}.Release|Any CPU.Build.0 = Release|Any CPU
	EndGlobalSection
	GlobalSection(SolutionProperties) = preSolution
		HideSolutionNode = FALSE
	EndGlobalSection
	GlobalSection(ExtensibilityGlobals) = postSolution
		SolutionGuid = {8ED65339-EDAD-491B-99E8-C784B77896ED}
	EndGlobalSection
EndGlobal
