
Microsoft Visual Studio Solution File, Format Version 12.00
# Visual Studio Version 17
VisualStudioVersion = 17.4.33213.308
MinimumVisualStudioVersion = 10.0.40219.1
Project("{FAE04EC0-301F-11D3-BF4B-00C04F79EFBC}") = "ConsoleApp33", "ConsoleApp33\ConsoleApp33.csproj", "{E3B657FA-A950-419C-AD57-007209D11B29}"
EndProject
Global
	GlobalSection(SolutionConfigurationPlatforms) = preSolution
		Debug|Any CPU = Debug|Any CPU
		Release|Any CPU = Release|Any CPU
	EndGlobalSection
	GlobalSection(ProjectConfigurationPlatforms) = postSolution
		{E3B657FA-A950-419C-AD57-007209D11B29}.Debug|Any CPU.ActiveCfg = Debug|Any CPU
		{E3B657FA-A950-419C-AD57-007209D11B29}.Debug|Any CPU.Build.0 = Debug|Any CPU
		{E3B657FA-A950-419C-AD57-007209D11B29}.Release|Any CPU.ActiveCfg = Release|Any CPU
		{E3B657FA-A950-419C-AD57-007209D11B29}.Release|Any CPU.Build.0 = Release|Any CPU
	EndGlobalSection
	GlobalSection(SolutionProperties) = preSolution
		HideSolutionNode = FALSE
	EndGlobalSection
	GlobalSection(ExtensibilityGlobals) = postSolution
		SolutionGuid = {53646340-BA3A-482B-AE1E-43EEECA438D0}
	EndGlobalSection
EndGlobal
