
Microsoft Visual Studio Solution File, Format Version 12.00
# Visual Studio Version 17
VisualStudioVersion = 17.4.33213.308
MinimumVisualStudioVersion = 10.0.40219.1
Project("{FAE04EC0-301F-11D3-BF4B-00C04F79EFBC}") = "ConsoleApp19", "ConsoleApp19\ConsoleApp19.csproj", "{65B7E8C5-4F35-4850-A790-C8E82505B680}"
EndProject
Global
	GlobalSection(SolutionConfigurationPlatforms) = preSolution
		Debug|Any CPU = Debug|Any CPU
		Release|Any CPU = Release|Any CPU
	EndGlobalSection
	GlobalSection(ProjectConfigurationPlatforms) = postSolution
		{65B7E8C5-4F35-4850-A790-C8E82505B680}.Debug|Any CPU.ActiveCfg = Debug|Any CPU
		{65B7E8C5-4F35-4850-A790-C8E82505B680}.Debug|Any CPU.Build.0 = Debug|Any CPU
		{65B7E8C5-4F35-4850-A790-C8E82505B680}.Release|Any CPU.ActiveCfg = Release|Any CPU
		{65B7E8C5-4F35-4850-A790-C8E82505B680}.Release|Any CPU.Build.0 = Release|Any CPU
	EndGlobalSection
	GlobalSection(SolutionProperties) = preSolution
		HideSolutionNode = FALSE
	EndGlobalSection
	GlobalSection(ExtensibilityGlobals) = postSolution
		SolutionGuid = {4783462A-EDA8-4BBC-9B19-FF91404A0930}
	EndGlobalSection
EndGlobal
