
Microsoft Visual Studio Solution File, Format Version 12.00
# Visual Studio Version 17
VisualStudioVersion = 17.4.33213.308
MinimumVisualStudioVersion = 10.0.40219.1
Project("{FAE04EC0-301F-11D3-BF4B-00C04F79EFBC}") = "aufgabe5_3", "aufgabe5_3\aufgabe5_3.csproj", "{7B4E2AEA-4CC7-472E-8A0C-E2FA992D01A5}"
EndProject
Global
	GlobalSection(SolutionConfigurationPlatforms) = preSolution
		Debug|Any CPU = Debug|Any CPU
		Release|Any CPU = Release|Any CPU
	EndGlobalSection
	GlobalSection(ProjectConfigurationPlatforms) = postSolution
		{7B4E2AEA-4CC7-472E-8A0C-E2FA992D01A5}.Debug|Any CPU.ActiveCfg = Debug|Any CPU
		{7B4E2AEA-4CC7-472E-8A0C-E2FA992D01A5}.Debug|Any CPU.Build.0 = Debug|Any CPU
		{7B4E2AEA-4CC7-472E-8A0C-E2FA992D01A5}.Release|Any CPU.ActiveCfg = Release|Any CPU
		{7B4E2AEA-4CC7-472E-8A0C-E2FA992D01A5}.Release|Any CPU.Build.0 = Release|Any CPU
	EndGlobalSection
	GlobalSection(SolutionProperties) = preSolution
		HideSolutionNode = FALSE
	EndGlobalSection
	GlobalSection(ExtensibilityGlobals) = postSolution
		SolutionGuid = {57AEFEAD-DA90-4E75-88F9-708FC8FB7914}
	EndGlobalSection
EndGlobal
