
Microsoft Visual Studio Solution File, Format Version 12.00
# Visual Studio Version 17
VisualStudioVersion = 17.4.33213.308
MinimumVisualStudioVersion = 10.0.40219.1
Project("{FAE04EC0-301F-11D3-BF4B-00C04F79EFBC}") = "ConsoleApp23", "ConsoleApp23\ConsoleApp23.csproj", "{5A9C91A5-71CC-4D96-87FF-C61046C79658}"
EndProject
Global
	GlobalSection(SolutionConfigurationPlatforms) = preSolution
		Debug|Any CPU = Debug|Any CPU
		Release|Any CPU = Release|Any CPU
	EndGlobalSection
	GlobalSection(ProjectConfigurationPlatforms) = postSolution
		{5A9C91A5-71CC-4D96-87FF-C61046C79658}.Debug|Any CPU.ActiveCfg = Debug|Any CPU
		{5A9C91A5-71CC-4D96-87FF-C61046C79658}.Debug|Any CPU.Build.0 = Debug|Any CPU
		{5A9C91A5-71CC-4D96-87FF-C61046C79658}.Release|Any CPU.ActiveCfg = Release|Any CPU
		{5A9C91A5-71CC-4D96-87FF-C61046C79658}.Release|Any CPU.Build.0 = Release|Any CPU
	EndGlobalSection
	GlobalSection(SolutionProperties) = preSolution
		HideSolutionNode = FALSE
	EndGlobalSection
	GlobalSection(ExtensibilityGlobals) = postSolution
		SolutionGuid = {DE40FE74-FB0B-485B-9523-90D4FA190BF7}
	EndGlobalSection
EndGlobal
