
Microsoft Visual Studio Solution File, Format Version 12.00
# Visual Studio Version 17
VisualStudioVersion = 17.4.33213.308
MinimumVisualStudioVersion = 10.0.40219.1
Project("{FAE04EC0-301F-11D3-BF4B-00C04F79EFBC}") = "ConsoleApp38", "ConsoleApp38\ConsoleApp38.csproj", "{8C97B76A-7F7A-4EE6-B0DE-B6DA4283E49E}"
EndProject
Global
	GlobalSection(SolutionConfigurationPlatforms) = preSolution
		Debug|Any CPU = Debug|Any CPU
		Release|Any CPU = Release|Any CPU
	EndGlobalSection
	GlobalSection(ProjectConfigurationPlatforms) = postSolution
		{8C97B76A-7F7A-4EE6-B0DE-B6DA4283E49E}.Debug|Any CPU.ActiveCfg = Debug|Any CPU
		{8C97B76A-7F7A-4EE6-B0DE-B6DA4283E49E}.Debug|Any CPU.Build.0 = Debug|Any CPU
		{8C97B76A-7F7A-4EE6-B0DE-B6DA4283E49E}.Release|Any CPU.ActiveCfg = Release|Any CPU
		{8C97B76A-7F7A-4EE6-B0DE-B6DA4283E49E}.Release|Any CPU.Build.0 = Release|Any CPU
	EndGlobalSection
	GlobalSection(SolutionProperties) = preSolution
		HideSolutionNode = FALSE
	EndGlobalSection
	GlobalSection(ExtensibilityGlobals) = postSolution
		SolutionGuid = {52525CF0-CE75-4F25-AE01-0A7E3C35C766}
	EndGlobalSection
EndGlobal
