
Microsoft Visual Studio Solution File, Format Version 12.00
# Visual Studio Version 17
VisualStudioVersion = 17.4.33213.308
MinimumVisualStudioVersion = 10.0.40219.1
Project("{FAE04EC0-301F-11D3-BF4B-00C04F79EFBC}") = "ConsoleApp39", "ConsoleApp39\ConsoleApp39.csproj", "{56002568-30A1-4B20-8C1D-7CB6EDE914E5}"
EndProject
Global
	GlobalSection(SolutionConfigurationPlatforms) = preSolution
		Debug|Any CPU = Debug|Any CPU
		Release|Any CPU = Release|Any CPU
	EndGlobalSection
	GlobalSection(ProjectConfigurationPlatforms) = postSolution
		{56002568-30A1-4B20-8C1D-7CB6EDE914E5}.Debug|Any CPU.ActiveCfg = Debug|Any CPU
		{56002568-30A1-4B20-8C1D-7CB6EDE914E5}.Debug|Any CPU.Build.0 = Debug|Any CPU
		{56002568-30A1-4B20-8C1D-7CB6EDE914E5}.Release|Any CPU.ActiveCfg = Release|Any CPU
		{56002568-30A1-4B20-8C1D-7CB6EDE914E5}.Release|Any CPU.Build.0 = Release|Any CPU
	EndGlobalSection
	GlobalSection(SolutionProperties) = preSolution
		HideSolutionNode = FALSE
	EndGlobalSection
	GlobalSection(ExtensibilityGlobals) = postSolution
		SolutionGuid = {FBFCD94F-CC42-4E5E-976D-2178E98CDB1D}
	EndGlobalSection
EndGlobal
