
Microsoft Visual Studio Solution File, Format Version 12.00
# Visual Studio Version 17
VisualStudioVersion = 17.4.33213.308
MinimumVisualStudioVersion = 10.0.40219.1
Project("{FAE04EC0-301F-11D3-BF4B-00C04F79EFBC}") = "ConsoleApp14", "ConsoleApp14\ConsoleApp14.csproj", "{FDAB17F7-1029-45B5-8CCB-FFB1DD2C2BDC}"
EndProject
Global
	GlobalSection(SolutionConfigurationPlatforms) = preSolution
		Debug|Any CPU = Debug|Any CPU
		Release|Any CPU = Release|Any CPU
	EndGlobalSection
	GlobalSection(ProjectConfigurationPlatforms) = postSolution
		{FDAB17F7-1029-45B5-8CCB-FFB1DD2C2BDC}.Debug|Any CPU.ActiveCfg = Debug|Any CPU
		{FDAB17F7-1029-45B5-8CCB-FFB1DD2C2BDC}.Debug|Any CPU.Build.0 = Debug|Any CPU
		{FDAB17F7-1029-45B5-8CCB-FFB1DD2C2BDC}.Release|Any CPU.ActiveCfg = Release|Any CPU
		{FDAB17F7-1029-45B5-8CCB-FFB1DD2C2BDC}.Release|Any CPU.Build.0 = Release|Any CPU
	EndGlobalSection
	GlobalSection(SolutionProperties) = preSolution
		HideSolutionNode = FALSE
	EndGlobalSection
	GlobalSection(ExtensibilityGlobals) = postSolution
		SolutionGuid = {709F722B-5360-4E32-AD52-4214AC77D9F8}
	EndGlobalSection
EndGlobal
